// !$*UTF8*$!
{
	archiveVersion = 1;
	classes = {
	};
	objectVersion = 56;
	objects = {

/* Begin PBXBuildFile section */
		12138B0C2BB12A7F00DF4BC4 /* Extensions.swift in Sources */ = {isa = PBXBuildFile; fileRef = 12138B0B2BB12A7F00DF4BC4 /* Extensions.swift */; };
		12348D1E2BACEA34003903E6 /* MyTribeApp.swift in Sources */ = {isa = PBXBuildFile; fileRef = 12348D1D2BACEA34003903E6 /* MyTribeApp.swift */; };
		12348D202BACEA34003903E6 /* ContentView.swift in Sources */ = {isa = PBXBuildFile; fileRef = 12348D1F2BACEA34003903E6 /* ContentView.swift */; };
		12348D222BACEA35003903E6 /* Assets.xcassets in Resources */ = {isa = PBXBuildFile; fileRef = 12348D212BACEA35003903E6 /* Assets.xcassets */; };
		12348D262BACEA35003903E6 /* Preview Assets.xcassets in Resources */ = {isa = PBXBuildFile; fileRef = 12348D252BACEA35003903E6 /* Preview Assets.xcassets */; };
		12348D302BACEA35003903E6 /* MyTribeTests.swift in Sources */ = {isa = PBXBuildFile; fileRef = 12348D2F2BACEA35003903E6 /* MyTribeTests.swift */; };
		12348D3A2BACEA35003903E6 /* MyTribeUITests.swift in Sources */ = {isa = PBXBuildFile; fileRef = 12348D392BACEA35003903E6 /* MyTribeUITests.swift */; };
		12348D3C2BACEA35003903E6 /* MyTribeUITestsLaunchTests.swift in Sources */ = {isa = PBXBuildFile; fileRef = 12348D3B2BACEA35003903E6 /* MyTribeUITestsLaunchTests.swift */; };
		12348D4E2BACEAD0003903E6 /* Feed.swift in Sources */ = {isa = PBXBuildFile; fileRef = 12348D4D2BACEAD0003903E6 /* Feed.swift */; };
		12348D502BACFCC6003903E6 /* FeedCell.swift in Sources */ = {isa = PBXBuildFile; fileRef = 12348D4F2BACFCC6003903E6 /* FeedCell.swift */; };
		12348D522BAD54F4003903E6 /* ThreeDots.swift in Sources */ = {isa = PBXBuildFile; fileRef = 12348D512BAD54F4003903E6 /* ThreeDots.swift */; };
		12348D542BADE429003903E6 /* Profile.swift in Sources */ = {isa = PBXBuildFile; fileRef = 12348D532BADE429003903E6 /* Profile.swift */; };
		12348D562BADEEC5003903E6 /* CollectionsView.swift in Sources */ = {isa = PBXBuildFile; fileRef = 12348D552BADEEC5003903E6 /* CollectionsView.swift */; };
		12348D612BAE1A2C003903E6 /* Settings.swift in Sources */ = {isa = PBXBuildFile; fileRef = 12348D602BAE1A2C003903E6 /* Settings.swift */; };
		12348D632BAE1A81003903E6 /* PageHeaderView.swift in Sources */ = {isa = PBXBuildFile; fileRef = 12348D622BAE1A81003903E6 /* PageHeaderView.swift */; };
		12348D652BAE212C003903E6 /* HeroSectionHeader.swift in Sources */ = {isa = PBXBuildFile; fileRef = 12348D642BAE212C003903E6 /* HeroSectionHeader.swift */; };
		12348D672BAE3DA5003903E6 /* SettingsRowView.swift in Sources */ = {isa = PBXBuildFile; fileRef = 12348D662BAE3DA5003903E6 /* SettingsRowView.swift */; };
		12348D692BAE63F6003903E6 /* EditProfile.swift in Sources */ = {isa = PBXBuildFile; fileRef = 12348D682BAE63F6003903E6 /* EditProfile.swift */; };
/* End PBXBuildFile section */

/* Begin PBXContainerItemProxy section */
		12348D2C2BACEA35003903E6 /* PBXContainerItemProxy */ = {
			isa = PBXContainerItemProxy;
			containerPortal = 12348D122BACEA34003903E6 /* Project object */;
			proxyType = 1;
			remoteGlobalIDString = 12348D192BACEA34003903E6;
			remoteInfo = MyTribe;
		};
		12348D362BACEA35003903E6 /* PBXContainerItemProxy */ = {
			isa = PBXContainerItemProxy;
			containerPortal = 12348D122BACEA34003903E6 /* Project object */;
			proxyType = 1;
			remoteGlobalIDString = 12348D192BACEA34003903E6;
			remoteInfo = MyTribe;
		};
/* End PBXContainerItemProxy section */

/* Begin PBXFileReference section */
		12138B0B2BB12A7F00DF4BC4 /* Extensions.swift */ = {isa = PBXFileReference; lastKnownFileType = sourcecode.swift; path = Extensions.swift; sourceTree = "<group>"; };
		12348D1A2BACEA34003903E6 /* MyTribe.app */ = {isa = PBXFileReference; explicitFileType = wrapper.application; includeInIndex = 0; path = MyTribe.app; sourceTree = BUILT_PRODUCTS_DIR; };
		12348D1D2BACEA34003903E6 /* MyTribeApp.swift */ = {isa = PBXFileReference; lastKnownFileType = sourcecode.swift; path = MyTribeApp.swift; sourceTree = "<group>"; };
		12348D1F2BACEA34003903E6 /* ContentView.swift */ = {isa = PBXFileReference; lastKnownFileType = sourcecode.swift; path = ContentView.swift; sourceTree = "<group>"; };
		12348D212BACEA35003903E6 /* Assets.xcassets */ = {isa = PBXFileReference; lastKnownFileType = folder.assetcatalog; path = Assets.xcassets; sourceTree = "<group>"; };
		12348D232BACEA35003903E6 /* MyTribe.entitlements */ = {isa = PBXFileReference; lastKnownFileType = text.plist.entitlements; path = MyTribe.entitlements; sourceTree = "<group>"; };
		12348D252BACEA35003903E6 /* Preview Assets.xcassets */ = {isa = PBXFileReference; lastKnownFileType = folder.assetcatalog; path = "Preview Assets.xcassets"; sourceTree = "<group>"; };
		12348D2B2BACEA35003903E6 /* MyTribeTests.xctest */ = {isa = PBXFileReference; explicitFileType = wrapper.cfbundle; includeInIndex = 0; path = MyTribeTests.xctest; sourceTree = BUILT_PRODUCTS_DIR; };
		12348D2F2BACEA35003903E6 /* MyTribeTests.swift */ = {isa = PBXFileReference; lastKnownFileType = sourcecode.swift; path = MyTribeTests.swift; sourceTree = "<group>"; };
		12348D352BACEA35003903E6 /* MyTribeUITests.xctest */ = {isa = PBXFileReference; explicitFileType = wrapper.cfbundle; includeInIndex = 0; path = MyTribeUITests.xctest; sourceTree = BUILT_PRODUCTS_DIR; };
		12348D392BACEA35003903E6 /* MyTribeUITests.swift */ = {isa = PBXFileReference; lastKnownFileType = sourcecode.swift; path = MyTribeUITests.swift; sourceTree = "<group>"; };
		12348D3B2BACEA35003903E6 /* MyTribeUITestsLaunchTests.swift */ = {isa = PBXFileReference; lastKnownFileType = sourcecode.swift; path = MyTribeUITestsLaunchTests.swift; sourceTree = "<group>"; };
		12348D4D2BACEAD0003903E6 /* Feed.swift */ = {isa = PBXFileReference; lastKnownFileType = sourcecode.swift; path = Feed.swift; sourceTree = "<group>"; };
		12348D4F2BACFCC6003903E6 /* FeedCell.swift */ = {isa = PBXFileReference; lastKnownFileType = sourcecode.swift; path = FeedCell.swift; sourceTree = "<group>"; };
		12348D512BAD54F4003903E6 /* ThreeDots.swift */ = {isa = PBXFileReference; lastKnownFileType = sourcecode.swift; path = ThreeDots.swift; sourceTree = "<group>"; };
		12348D532BADE429003903E6 /* Profile.swift */ = {isa = PBXFileReference; lastKnownFileType = sourcecode.swift; path = Profile.swift; sourceTree = "<group>"; };
		12348D552BADEEC5003903E6 /* CollectionsView.swift */ = {isa = PBXFileReference; lastKnownFileType = sourcecode.swift; path = CollectionsView.swift; sourceTree = "<group>"; };
		12348D602BAE1A2C003903E6 /* Settings.swift */ = {isa = PBXFileReference; lastKnownFileType = sourcecode.swift; path = Settings.swift; sourceTree = "<group>"; };
		12348D622BAE1A81003903E6 /* PageHeaderView.swift */ = {isa = PBXFileReference; lastKnownFileType = sourcecode.swift; path = PageHeaderView.swift; sourceTree = "<group>"; };
		12348D642BAE212C003903E6 /* HeroSectionHeader.swift */ = {isa = PBXFileReference; lastKnownFileType = sourcecode.swift; path = HeroSectionHeader.swift; sourceTree = "<group>"; };
		12348D662BAE3DA5003903E6 /* SettingsRowView.swift */ = {isa = PBXFileReference; lastKnownFileType = sourcecode.swift; path = SettingsRowView.swift; sourceTree = "<group>"; };
		12348D682BAE63F6003903E6 /* EditProfile.swift */ = {isa = PBXFileReference; lastKnownFileType = sourcecode.swift; path = EditProfile.swift; sourceTree = "<group>"; };
/* End PBXFileReference section */

/* Begin PBXFrameworksBuildPhase section */
		12348D172BACEA34003903E6 /* Frameworks */ = {
			isa = PBXFrameworksBuildPhase;
			buildActionMask = 2147483647;
			files = (
			);
			runOnlyForDeploymentPostprocessing = 0;
		};
		12348D282BACEA35003903E6 /* Frameworks */ = {
			isa = PBXFrameworksBuildPhase;
			buildActionMask = 2147483647;
			files = (
			);
			runOnlyForDeploymentPostprocessing = 0;
		};
		12348D322BACEA35003903E6 /* Frameworks */ = {
			isa = PBXFrameworksBuildPhase;
			buildActionMask = 2147483647;
			files = (
			);
			runOnlyForDeploymentPostprocessing = 0;
		};
/* End PBXFrameworksBuildPhase section */

/* Begin PBXGroup section */
		12348D112BACEA34003903E6 = {
			isa = PBXGroup;
			children = (
				12348D1D2BACEA34003903E6 /* MyTribeApp.swift */,
				12348D1C2BACEA34003903E6 /* MyTribe */,
				12348D2E2BACEA35003903E6 /* MyTribeTests */,
				12348D382BACEA35003903E6 /* MyTribeUITests */,
				12348D1B2BACEA34003903E6 /* Products */,
			);
			sourceTree = "<group>";
		};
		12348D1B2BACEA34003903E6 /* Products */ = {
			isa = PBXGroup;
			children = (
				12348D1A2BACEA34003903E6 /* MyTribe.app */,
				12348D2B2BACEA35003903E6 /* MyTribeTests.xctest */,
				12348D352BACEA35003903E6 /* MyTribeUITests.xctest */,
			);
			name = Products;
			sourceTree = "<group>";
		};
		12348D1C2BACEA34003903E6 /* MyTribe */ = {
			isa = PBXGroup;
			children = (
				12348D4A2BACEA66003903E6 /* HelperFiles */,
				12348D492BACEA5F003903E6 /* Models */,
				12348D482BACEA57003903E6 /* Views */,
				12348D212BACEA35003903E6 /* Assets.xcassets */,
				12348D232BACEA35003903E6 /* MyTribe.entitlements */,
				12348D242BACEA35003903E6 /* Preview Content */,
			);
			path = MyTribe;
			sourceTree = "<group>";
		};
		12348D242BACEA35003903E6 /* Preview Content */ = {
			isa = PBXGroup;
			children = (
				12348D252BACEA35003903E6 /* Preview Assets.xcassets */,
			);
			path = "Preview Content";
			sourceTree = "<group>";
		};
		12348D2E2BACEA35003903E6 /* MyTribeTests */ = {
			isa = PBXGroup;
			children = (
				12348D2F2BACEA35003903E6 /* MyTribeTests.swift */,
			);
			path = MyTribeTests;
			sourceTree = "<group>";
		};
		12348D382BACEA35003903E6 /* MyTribeUITests */ = {
			isa = PBXGroup;
			children = (
				12348D392BACEA35003903E6 /* MyTribeUITests.swift */,
				12348D3B2BACEA35003903E6 /* MyTribeUITestsLaunchTests.swift */,
			);
			path = MyTribeUITests;
			sourceTree = "<group>";
		};
		12348D482BACEA57003903E6 /* Views */ = {
			isa = PBXGroup;
			children = (
				12348D1F2BACEA34003903E6 /* ContentView.swift */,
				12348D4D2BACEAD0003903E6 /* Feed.swift */,
				12348D4F2BACFCC6003903E6 /* FeedCell.swift */,
				12348D532BADE429003903E6 /* Profile.swift */,
				12348D552BADEEC5003903E6 /* CollectionsView.swift */,
				12348D602BAE1A2C003903E6 /* Settings.swift */,
				12348D682BAE63F6003903E6 /* EditProfile.swift */,
			);
			path = Views;
			sourceTree = "<group>";
		};
		12348D492BACEA5F003903E6 /* Models */ = {
			isa = PBXGroup;
			children = (
			);
			path = Models;
			sourceTree = "<group>";
		};
		12348D4A2BACEA66003903E6 /* HelperFiles */ = {
			isa = PBXGroup;
			children = (
				12348D512BAD54F4003903E6 /* ThreeDots.swift */,
				12348D622BAE1A81003903E6 /* PageHeaderView.swift */,
				12348D642BAE212C003903E6 /* HeroSectionHeader.swift */,
				12348D662BAE3DA5003903E6 /* SettingsRowView.swift */,
				12138B0B2BB12A7F00DF4BC4 /* Extensions.swift */,
			);
			path = HelperFiles;
			sourceTree = "<group>";
		};
/* End PBXGroup section */

/* Begin PBXNativeTarget section */
		12348D192BACEA34003903E6 /* MyTribe */ = {
			isa = PBXNativeTarget;
			buildConfigurationList = 12348D3F2BACEA35003903E6 /* Build configuration list for PBXNativeTarget "MyTribe" */;
			buildPhases = (
				12348D162BACEA34003903E6 /* Sources */,
				12348D172BACEA34003903E6 /* Frameworks */,
				12348D182BACEA34003903E6 /* Resources */,
			);
			buildRules = (
			);
			dependencies = (
			);
			name = MyTribe;
			productName = MyTribe;
			productReference = 12348D1A2BACEA34003903E6 /* MyTribe.app */;
			productType = "com.apple.product-type.application";
		};
		12348D2A2BACEA35003903E6 /* MyTribeTests */ = {
			isa = PBXNativeTarget;
			buildConfigurationList = 12348D422BACEA35003903E6 /* Build configuration list for PBXNativeTarget "MyTribeTests" */;
			buildPhases = (
				12348D272BACEA35003903E6 /* Sources */,
				12348D282BACEA35003903E6 /* Frameworks */,
				12348D292BACEA35003903E6 /* Resources */,
			);
			buildRules = (
			);
			dependencies = (
				12348D2D2BACEA35003903E6 /* PBXTargetDependency */,
			);
			name = MyTribeTests;
			productName = MyTribeTests;
			productReference = 12348D2B2BACEA35003903E6 /* MyTribeTests.xctest */;
			productType = "com.apple.product-type.bundle.unit-test";
		};
		12348D342BACEA35003903E6 /* MyTribeUITests */ = {
			isa = PBXNativeTarget;
			buildConfigurationList = 12348D452BACEA35003903E6 /* Build configuration list for PBXNativeTarget "MyTribeUITests" */;
			buildPhases = (
				12348D312BACEA35003903E6 /* Sources */,
				12348D322BACEA35003903E6 /* Frameworks */,
				12348D332BACEA35003903E6 /* Resources */,
			);
			buildRules = (
			);
			dependencies = (
				12348D372BACEA35003903E6 /* PBXTargetDependency */,
			);
			name = MyTribeUITests;
			productName = MyTribeUITests;
			productReference = 12348D352BACEA35003903E6 /* MyTribeUITests.xctest */;
			productType = "com.apple.product-type.bundle.ui-testing";
		};
/* End PBXNativeTarget section */

/* Begin PBXProject section */
		12348D122BACEA34003903E6 /* Project object */ = {
			isa = PBXProject;
			attributes = {
				BuildIndependentTargetsInParallel = 1;
				LastSwiftUpdateCheck = 1530;
				LastUpgradeCheck = 1530;
				TargetAttributes = {
					12348D192BACEA34003903E6 = {
						CreatedOnToolsVersion = 15.3;
					};
					12348D2A2BACEA35003903E6 = {
						CreatedOnToolsVersion = 15.3;
						TestTargetID = 12348D192BACEA34003903E6;
					};
					12348D342BACEA35003903E6 = {
						CreatedOnToolsVersion = 15.3;
						TestTargetID = 12348D192BACEA34003903E6;
					};
				};
			};
			buildConfigurationList = 12348D152BACEA34003903E6 /* Build configuration list for PBXProject "MyTribe" */;
			compatibilityVersion = "Xcode 14.0";
			developmentRegion = en;
			hasScannedForEncodings = 0;
			knownRegions = (
				en,
				Base,
			);
			mainGroup = 12348D112BACEA34003903E6;
			productRefGroup = 12348D1B2BACEA34003903E6 /* Products */;
			projectDirPath = "";
			projectRoot = "";
			targets = (
				12348D192BACEA34003903E6 /* MyTribe */,
				12348D2A2BACEA35003903E6 /* MyTribeTests */,
				12348D342BACEA35003903E6 /* MyTribeUITests */,
			);
		};
/* End PBXProject section */

/* Begin PBXResourcesBuildPhase section */
		12348D182BACEA34003903E6 /* Resources */ = {
			isa = PBXResourcesBuildPhase;
			buildActionMask = 2147483647;
			files = (
				12348D262BACEA35003903E6 /* Preview Assets.xcassets in Resources */,
				12348D222BACEA35003903E6 /* Assets.xcassets in Resources */,
			);
			runOnlyForDeploymentPostprocessing = 0;
		};
		12348D292BACEA35003903E6 /* Resources */ = {
			isa = PBXResourcesBuildPhase;
			buildActionMask = 2147483647;
			files = (
			);
			runOnlyForDeploymentPostprocessing = 0;
		};
		12348D332BACEA35003903E6 /* Resources */ = {
			isa = PBXResourcesBuildPhase;
			buildActionMask = 2147483647;
			files = (
			);
			runOnlyForDeploymentPostprocessing = 0;
		};
/* End PBXResourcesBuildPhase section */

/* Begin PBXSourcesBuildPhase section */
		12348D162BACEA34003903E6 /* Sources */ = {
			isa = PBXSourcesBuildPhase;
			buildActionMask = 2147483647;
			files = (
				12348D632BAE1A81003903E6 /* PageHeaderView.swift in Sources */,
				12348D202BACEA34003903E6 /* ContentView.swift in Sources */,
				12348D562BADEEC5003903E6 /* CollectionsView.swift in Sources */,
				12348D612BAE1A2C003903E6 /* Settings.swift in Sources */,
				12348D542BADE429003903E6 /* Profile.swift in Sources */,
				12348D522BAD54F4003903E6 /* ThreeDots.swift in Sources */,
				12348D502BACFCC6003903E6 /* FeedCell.swift in Sources */,
				12348D672BAE3DA5003903E6 /* SettingsRowView.swift in Sources */,
				12138B0C2BB12A7F00DF4BC4 /* Extensions.swift in Sources */,
				12348D4E2BACEAD0003903E6 /* Feed.swift in Sources */,
				12348D652BAE212C003903E6 /* HeroSectionHeader.swift in Sources */,
				12348D1E2BACEA34003903E6 /* MyTribeApp.swift in Sources */,
				12348D692BAE63F6003903E6 /* EditProfile.swift in Sources */,
			);
			runOnlyForDeploymentPostprocessing = 0;
		};
		12348D272BACEA35003903E6 /* Sources */ = {
			isa = PBXSourcesBuildPhase;
			buildActionMask = 2147483647;
			files = (
				12348D302BACEA35003903E6 /* MyTribeTests.swift in Sources */,
			);
			runOnlyForDeploymentPostprocessing = 0;
		};
		12348D312BACEA35003903E6 /* Sources */ = {
			isa = PBXSourcesBuildPhase;
			buildActionMask = 2147483647;
			files = (
				12348D3A2BACEA35003903E6 /* MyTribeUITests.swift in Sources */,
				12348D3C2BACEA35003903E6 /* MyTribeUITestsLaunchTests.swift in Sources */,
			);
			runOnlyForDeploymentPostprocessing = 0;
		};
/* End PBXSourcesBuildPhase section */

/* Begin PBXTargetDependency section */
		12348D2D2BACEA35003903E6 /* PBXTargetDependency */ = {
			isa = PBXTargetDependency;
			target = 12348D192BACEA34003903E6 /* MyTribe */;
			targetProxy = 12348D2C2BACEA35003903E6 /* PBXContainerItemProxy */;
		};
		12348D372BACEA35003903E6 /* PBXTargetDependency */ = {
			isa = PBXTargetDependency;
			target = 12348D192BACEA34003903E6 /* MyTribe */;
			targetProxy = 12348D362BACEA35003903E6 /* PBXContainerItemProxy */;
		};
/* End PBXTargetDependency section */

/* Begin XCBuildConfiguration section */
		12348D3D2BACEA35003903E6 /* Debug */ = {
			isa = XCBuildConfiguration;
			buildSettings = {
				ALWAYS_SEARCH_USER_PATHS = NO;
				ASSETCATALOG_COMPILER_GENERATE_SWIFT_ASSET_SYMBOL_EXTENSIONS = YES;
				CLANG_ANALYZER_NONNULL = YES;
				CLANG_ANALYZER_NUMBER_OBJECT_CONVERSION = YES_AGGRESSIVE;
				CLANG_CXX_LANGUAGE_STANDARD = "gnu++20";
				CLANG_ENABLE_MODULES = YES;
				CLANG_ENABLE_OBJC_ARC = YES;
				CLANG_ENABLE_OBJC_WEAK = YES;
				CLANG_WARN_BLOCK_CAPTURE_AUTORELEASING = YES;
				CLANG_WARN_BOOL_CONVERSION = YES;
				CLANG_WARN_COMMA = YES;
				CLANG_WARN_CONSTANT_CONVERSION = YES;
				CLANG_WARN_DEPRECATED_OBJC_IMPLEMENTATIONS = YES;
				CLANG_WARN_DIRECT_OBJC_ISA_USAGE = YES_ERROR;
				CLANG_WARN_DOCUMENTATION_COMMENTS = YES;
				CLANG_WARN_EMPTY_BODY = YES;
				CLANG_WARN_ENUM_CONVERSION = YES;
				CLANG_WARN_INFINITE_RECURSION = YES;
				CLANG_WARN_INT_CONVERSION = YES;
				CLANG_WARN_NON_LITERAL_NULL_CONVERSION = YES;
				CLANG_WARN_OBJC_IMPLICIT_RETAIN_SELF = YES;
				CLANG_WARN_OBJC_LITERAL_CONVERSION = YES;
				CLANG_WARN_OBJC_ROOT_CLASS = YES_ERROR;
				CLANG_WARN_QUOTED_INCLUDE_IN_FRAMEWORK_HEADER = YES;
				CLANG_WARN_RANGE_LOOP_ANALYSIS = YES;
				CLANG_WARN_STRICT_PROTOTYPES = YES;
				CLANG_WARN_SUSPICIOUS_MOVE = YES;
				CLANG_WARN_UNGUARDED_AVAILABILITY = YES_AGGRESSIVE;
				CLANG_WARN_UNREACHABLE_CODE = YES;
				CLANG_WARN__DUPLICATE_METHOD_MATCH = YES;
				COPY_PHASE_STRIP = NO;
				DEBUG_INFORMATION_FORMAT = dwarf;
				ENABLE_STRICT_OBJC_MSGSEND = YES;
				ENABLE_TESTABILITY = YES;
				ENABLE_USER_SCRIPT_SANDBOXING = YES;
				GCC_C_LANGUAGE_STANDARD = gnu17;
				GCC_DYNAMIC_NO_PIC = NO;
				GCC_NO_COMMON_BLOCKS = YES;
				GCC_OPTIMIZATION_LEVEL = 0;
				GCC_PREPROCESSOR_DEFINITIONS = (
					"DEBUG=1",
					"$(inherited)",
				);
				GCC_WARN_64_TO_32_BIT_CONVERSION = YES;
				GCC_WARN_ABOUT_RETURN_TYPE = YES_ERROR;
				GCC_WARN_UNDECLARED_SELECTOR = YES;
				GCC_WARN_UNINITIALIZED_AUTOS = YES_AGGRESSIVE;
				GCC_WARN_UNUSED_FUNCTION = YES;
				GCC_WARN_UNUSED_VARIABLE = YES;
				LOCALIZATION_PREFERS_STRING_CATALOGS = YES;
				MTL_ENABLE_DEBUG_INFO = INCLUDE_SOURCE;
				MTL_FAST_MATH = YES;
				ONLY_ACTIVE_ARCH = YES;
				SWIFT_ACTIVE_COMPILATION_CONDITIONS = "DEBUG $(inherited)";
				SWIFT_OPTIMIZATION_LEVEL = "-Onone";
			};
			name = Debug;
		};
		12348D3E2BACEA35003903E6 /* Release */ = {
			isa = XCBuildConfiguration;
			buildSettings = {
				ALWAYS_SEARCH_USER_PATHS = NO;
				ASSETCATALOG_COMPILER_GENERATE_SWIFT_ASSET_SYMBOL_EXTENSIONS = YES;
				CLANG_ANALYZER_NONNULL = YES;
				CLANG_ANALYZER_NUMBER_OBJECT_CONVERSION = YES_AGGRESSIVE;
				CLANG_CXX_LANGUAGE_STANDARD = "gnu++20";
				CLANG_ENABLE_MODULES = YES;
				CLANG_ENABLE_OBJC_ARC = YES;
				CLANG_ENABLE_OBJC_WEAK = YES;
				CLANG_WARN_BLOCK_CAPTURE_AUTORELEASING = YES;
				CLANG_WARN_BOOL_CONVERSION = YES;
				CLANG_WARN_COMMA = YES;
				CLANG_WARN_CONSTANT_CONVERSION = YES;
				CLANG_WARN_DEPRECATED_OBJC_IMPLEMENTATIONS = YES;
				CLANG_WARN_DIRECT_OBJC_ISA_USAGE = YES_ERROR;
				CLANG_WARN_DOCUMENTATION_COMMENTS = YES;
				CLANG_WARN_EMPTY_BODY = YES;
				CLANG_WARN_ENUM_CONVERSION = YES;
				CLANG_WARN_INFINITE_RECURSION = YES;
				CLANG_WARN_INT_CONVERSION = YES;
				CLANG_WARN_NON_LITERAL_NULL_CONVERSION = YES;
				CLANG_WARN_OBJC_IMPLICIT_RETAIN_SELF = YES;
				CLANG_WARN_OBJC_LITERAL_CONVERSION = YES;
				CLANG_WARN_OBJC_ROOT_CLASS = YES_ERROR;
				CLANG_WARN_QUOTED_INCLUDE_IN_FRAMEWORK_HEADER = YES;
				CLANG_WARN_RANGE_LOOP_ANALYSIS = YES;
				CLANG_WARN_STRICT_PROTOTYPES = YES;
				CLANG_WARN_SUSPICIOUS_MOVE = YES;
				CLANG_WARN_UNGUARDED_AVAILABILITY = YES_AGGRESSIVE;
				CLANG_WARN_UNREACHABLE_CODE = YES;
				CLANG_WARN__DUPLICATE_METHOD_MATCH = YES;
				COPY_PHASE_STRIP = NO;
				DEBUG_INFORMATION_FORMAT = "dwarf-with-dsym";
				ENABLE_NS_ASSERTIONS = NO;
				ENABLE_STRICT_OBJC_MSGSEND = YES;
				ENABLE_USER_SCRIPT_SANDBOXING = YES;
				GCC_C_LANGUAGE_STANDARD = gnu17;
				GCC_NO_COMMON_BLOCKS = YES;
				GCC_WARN_64_TO_32_BIT_CONVERSION = YES;
				GCC_WARN_ABOUT_RETURN_TYPE = YES_ERROR;
				GCC_WARN_UNDECLARED_SELECTOR = YES;
				GCC_WARN_UNINITIALIZED_AUTOS = YES_AGGRESSIVE;
				GCC_WARN_UNUSED_FUNCTION = YES;
				GCC_WARN_UNUSED_VARIABLE = YES;
				LOCALIZATION_PREFERS_STRING_CATALOGS = YES;
				MTL_ENABLE_DEBUG_INFO = NO;
				MTL_FAST_MATH = YES;
				SWIFT_COMPILATION_MODE = wholemodule;
			};
			name = Release;
		};
		12348D402BACEA35003903E6 /* Debug */ = {
			isa = XCBuildConfiguration;
			buildSettings = {
				ASSETCATALOG_COMPILER_APPICON_NAME = AppIcon;
				ASSETCATALOG_COMPILER_GLOBAL_ACCENT_COLOR_NAME = AccentColor;
				CODE_SIGN_ENTITLEMENTS = MyTribe/MyTribe.entitlements;
				CODE_SIGN_STYLE = Automatic;
				CURRENT_PROJECT_VERSION = 1;
				DEVELOPMENT_ASSET_PATHS = "\"MyTribe/Preview Content\"";
				DEVELOPMENT_TEAM = 8QQYNTY523;
				ENABLE_HARDENED_RUNTIME = YES;
				ENABLE_PREVIEWS = YES;
				GENERATE_INFOPLIST_FILE = YES;
				"INFOPLIST_KEY_UIApplicationSceneManifest_Generation[sdk=iphoneos*]" = YES;
				"INFOPLIST_KEY_UIApplicationSceneManifest_Generation[sdk=iphonesimulator*]" = YES;
				"INFOPLIST_KEY_UIApplicationSupportsIndirectInputEvents[sdk=iphoneos*]" = YES;
				"INFOPLIST_KEY_UIApplicationSupportsIndirectInputEvents[sdk=iphonesimulator*]" = YES;
				"INFOPLIST_KEY_UILaunchScreen_Generation[sdk=iphoneos*]" = YES;
				"INFOPLIST_KEY_UILaunchScreen_Generation[sdk=iphonesimulator*]" = YES;
				"INFOPLIST_KEY_UIStatusBarStyle[sdk=iphoneos*]" = UIStatusBarStyleDefault;
				"INFOPLIST_KEY_UIStatusBarStyle[sdk=iphonesimulator*]" = UIStatusBarStyleDefault;
				INFOPLIST_KEY_UISupportedInterfaceOrientations_iPad = "UIInterfaceOrientationPortrait UIInterfaceOrientationPortraitUpsideDown UIInterfaceOrientationLandscapeLeft UIInterfaceOrientationLandscapeRight";
				INFOPLIST_KEY_UISupportedInterfaceOrientations_iPhone = "UIInterfaceOrientationPortrait UIInterfaceOrientationLandscapeLeft UIInterfaceOrientationLandscapeRight";
				IPHONEOS_DEPLOYMENT_TARGET = 17.4;
				LD_RUNPATH_SEARCH_PATHS = "@executable_path/Frameworks";
				"LD_RUNPATH_SEARCH_PATHS[sdk=macosx*]" = "@executable_path/../Frameworks";
				MACOSX_DEPLOYMENT_TARGET = 14.4;
				MARKETING_VERSION = 1.0;
				PRODUCT_BUNDLE_IDENTIFIER = com.weldtactics.MyTribe;
				PRODUCT_NAME = "$(TARGET_NAME)";
				SDKROOT = auto;
				SUPPORTED_PLATFORMS = "iphoneos iphonesimulator macosx";
				SWIFT_EMIT_LOC_STRINGS = YES;
				SWIFT_VERSION = 5.0;
				TARGETED_DEVICE_FAMILY = "1,2";
			};
			name = Debug;
		};
		12348D412BACEA35003903E6 /* Release */ = {
			isa = XCBuildConfiguration;
			buildSettings = {
				ASSETCATALOG_COMPILER_APPICON_NAME = AppIcon;
				ASSETCATALOG_COMPILER_GLOBAL_ACCENT_COLOR_NAME = AccentColor;
				CODE_SIGN_ENTITLEMENTS = MyTribe/MyTribe.entitlements;
				CODE_SIGN_STYLE = Automatic;
				CURRENT_PROJECT_VERSION = 1;
				DEVELOPMENT_ASSET_PATHS = "\"MyTribe/Preview Content\"";
				DEVELOPMENT_TEAM = 8QQYNTY523;
				ENABLE_HARDENED_RUNTIME = YES;
				ENABLE_PREVIEWS = YES;
				GENERATE_INFOPLIST_FILE = YES;
				"INFOPLIST_KEY_UIApplicationSceneManifest_Generation[sdk=iphoneos*]" = YES;
				"INFOPLIST_KEY_UIApplicationSceneManifest_Generation[sdk=iphonesimulator*]" = YES;
				"INFOPLIST_KEY_UIApplicationSupportsIndirectInputEvents[sdk=iphoneos*]" = YES;
				"INFOPLIST_KEY_UIApplicationSupportsIndirectInputEvents[sdk=iphonesimulator*]" = YES;
				"INFOPLIST_KEY_UILaunchScreen_Generation[sdk=iphoneos*]" = YES;
				"INFOPLIST_KEY_UILaunchScreen_Generation[sdk=iphonesimulator*]" = YES;
				"INFOPLIST_KEY_UIStatusBarStyle[sdk=iphoneos*]" = UIStatusBarStyleDefault;
				"INFOPLIST_KEY_UIStatusBarStyle[sdk=iphonesimulator*]" = UIStatusBarStyleDefault;
				INFOPLIST_KEY_UISupportedInterfaceOrientations_iPad = "UIInterfaceOrientationPortrait UIInterfaceOrientationPortraitUpsideDown UIInterfaceOrientationLandscapeLeft UIInterfaceOrientationLandscapeRight";
				INFOPLIST_KEY_UISupportedInterfaceOrientations_iPhone = "UIInterfaceOrientationPortrait UIInterfaceOrientationLandscapeLeft UIInterfaceOrientationLandscapeRight";
				IPHONEOS_DEPLOYMENT_TARGET = 17.4;
				LD_RUNPATH_SEARCH_PATHS = "@executable_path/Frameworks";
				"LD_RUNPATH_SEARCH_PATHS[sdk=macosx*]" = "@executable_path/../Frameworks";
				MACOSX_DEPLOYMENT_TARGET = 14.4;
				MARKETING_VERSION = 1.0;
				PRODUCT_BUNDLE_IDENTIFIER = com.weldtactics.MyTribe;
				PRODUCT_NAME = "$(TARGET_NAME)";
				SDKROOT = auto;
				SUPPORTED_PLATFORMS = "iphoneos iphonesimulator macosx";
				SWIFT_EMIT_LOC_STRINGS = YES;
				SWIFT_VERSION = 5.0;
				TARGETED_DEVICE_FAMILY = "1,2";
			};
			name = Release;
		};
		12348D432BACEA35003903E6 /* Debug */ = {
			isa = XCBuildConfiguration;
			buildSettings = {
				ALWAYS_EMBED_SWIFT_STANDARD_LIBRARIES = YES;
				BUNDLE_LOADER = "$(TEST_HOST)";
				CODE_SIGN_STYLE = Automatic;
				CURRENT_PROJECT_VERSION = 1;
				DEVELOPMENT_TEAM = 8QQYNTY523;
				GENERATE_INFOPLIST_FILE = YES;
				IPHONEOS_DEPLOYMENT_TARGET = 17.4;
				MACOSX_DEPLOYMENT_TARGET = 14.4;
				MARKETING_VERSION = 1.0;
				PRODUCT_BUNDLE_IDENTIFIER = com.weldtactics.MyTribeTests;
				PRODUCT_NAME = "$(TARGET_NAME)";
				SDKROOT = auto;
				SUPPORTED_PLATFORMS = "iphoneos iphonesimulator macosx";
				SWIFT_EMIT_LOC_STRINGS = NO;
				SWIFT_VERSION = 5.0;
				TARGETED_DEVICE_FAMILY = "1,2";
				TEST_HOST = "$(BUILT_PRODUCTS_DIR)/MyTribe.app/$(BUNDLE_EXECUTABLE_FOLDER_PATH)/MyTribe";
			};
			name = Debug;
		};
		12348D442BACEA35003903E6 /* Release */ = {
			isa = XCBuildConfiguration;
			buildSettings = {
				ALWAYS_EMBED_SWIFT_STANDARD_LIBRARIES = YES;
				BUNDLE_LOADER = "$(TEST_HOST)";
				CODE_SIGN_STYLE = Automatic;
				CURRENT_PROJECT_VERSION = 1;
				DEVELOPMENT_TEAM = 8QQYNTY523;
				GENERATE_INFOPLIST_FILE = YES;
				IPHONEOS_DEPLOYMENT_TARGET = 17.4;
				MACOSX_DEPLOYMENT_TARGET = 14.4;
				MARKETING_VERSION = 1.0;
				PRODUCT_BUNDLE_IDENTIFIER = com.weldtactics.MyTribeTests;
				PRODUCT_NAME = "$(TARGET_NAME)";
				SDKROOT = auto;
				SUPPORTED_PLATFORMS = "iphoneos iphonesimulator macosx";
				SWIFT_EMIT_LOC_STRINGS = NO;
				SWIFT_VERSION = 5.0;
				TARGETED_DEVICE_FAMILY = "1,2";
				TEST_HOST = "$(BUILT_PRODUCTS_DIR)/MyTribe.app/$(BUNDLE_EXECUTABLE_FOLDER_PATH)/MyTribe";
			};
			name = Release;
		};
		12348D462BACEA35003903E6 /* Debug */ = {
			isa = XCBuildConfiguration;
			buildSettings = {
				ALWAYS_EMBED_SWIFT_STANDARD_LIBRARIES = YES;
				CODE_SIGN_STYLE = Automatic;
				CURRENT_PROJECT_VERSION = 1;
				DEVELOPMENT_TEAM = 8QQYNTY523;
				GENERATE_INFOPLIST_FILE = YES;
				IPHONEOS_DEPLOYMENT_TARGET = 17.4;
				MACOSX_DEPLOYMENT_TARGET = 14.4;
				MARKETING_VERSION = 1.0;
				PRODUCT_BUNDLE_IDENTIFIER = com.weldtactics.MyTribeUITests;
				PRODUCT_NAME = "$(TARGET_NAME)";
				SDKROOT = auto;
				SUPPORTED_PLATFORMS = "iphoneos iphonesimulator macosx";
				SWIFT_EMIT_LOC_STRINGS = NO;
				SWIFT_VERSION = 5.0;
				TARGETED_DEVICE_FAMILY = "1,2";
				TEST_TARGET_NAME = MyTribe;
			};
			name = Debug;
		};
		12348D472BACEA35003903E6 /* Release */ = {
			isa = XCBuildConfiguration;
			buildSettings = {
				ALWAYS_EMBED_SWIFT_STANDARD_LIBRARIES = YES;
				CODE_SIGN_STYLE = Automatic;
				CURRENT_PROJECT_VERSION = 1;
				DEVELOPMENT_TEAM = 8QQYNTY523;
				GENERATE_INFOPLIST_FILE = YES;
				IPHONEOS_DEPLOYMENT_TARGET = 17.4;
				MACOSX_DEPLOYMENT_TARGET = 14.4;
				MARKETING_VERSION = 1.0;
				PRODUCT_BUNDLE_IDENTIFIER = com.weldtactics.MyTribeUITests;
				PRODUCT_NAME = "$(TARGET_NAME)";
				SDKROOT = auto;
				SUPPORTED_PLATFORMS = "iphoneos iphonesimulator macosx";
				SWIFT_EMIT_LOC_STRINGS = NO;
				SWIFT_VERSION = 5.0;
				TARGETED_DEVICE_FAMILY = "1,2";
				TEST_TARGET_NAME = MyTribe;
			};
			name = Release;
		};
/* End XCBuildConfiguration section */

/* Begin XCConfigurationList section */
		12348D152BACEA34003903E6 /* Build configuration list for PBXProject "MyTribe" */ = {
			isa = XCConfigurationList;
			buildConfigurations = (
				12348D3D2BACEA35003903E6 /* Debug */,
				12348D3E2BACEA35003903E6 /* Release */,
			);
			defaultConfigurationIsVisible = 0;
			defaultConfigurationName = Release;
		};
		12348D3F2BACEA35003903E6 /* Build configuration list for PBXNativeTarget "MyTribe" */ = {
			isa = XCConfigurationList;
			buildConfigurations = (
				12348D402BACEA35003903E6 /* Debug */,
				12348D412BACEA35003903E6 /* Release */,
			);
			defaultConfigurationIsVisible = 0;
			defaultConfigurationName = Release;
		};
		12348D422BACEA35003903E6 /* Build configuration list for PBXNativeTarget "MyTribeTests" */ = {
			isa = XCConfigurationList;
			buildConfigurations = (
				12348D432BACEA35003903E6 /* Debug */,
				12348D442BACEA35003903E6 /* Release */,
			);
			defaultConfigurationIsVisible = 0;
			defaultConfigurationName = Release;
		};
		12348D452BACEA35003903E6 /* Build configuration list for PBXNativeTarget "MyTribeUITests" */ = {
			isa = XCConfigurationList;
			buildConfigurations = (
				12348D462BACEA35003903E6 /* Debug */,
				12348D472BACEA35003903E6 /* Release */,
			);
			defaultConfigurationIsVisible = 0;
			defaultConfigurationName = Release;
		};
/* End XCConfigurationList section */
	};
	rootObject = 12348D122BACEA34003903E6 /* Project object */;
}
